
Microsoft Visual Studio Solution File, Format Version 12.00
# Visual Studio Version 16
VisualStudioVersion = 16.0.31613.86
MinimumVisualStudioVersion = 10.0.40219.1
Project("{FAE04EC0-301F-11D3-BF4B-00C04F79EFBC}") = "github test", "github test.csproj", "{89F19F1E-4F0B-40F0-AC41-EEFE1D6E07AD}"
EndProject
Global
	GlobalSection(SolutionConfigurationPlatforms) = preSolution
		Debug|Any CPU = Debug|Any CPU
		Release|Any CPU = Release|Any CPU
	EndGlobalSection
	GlobalSection(ProjectConfigurationPlatforms) = postSolution
		{89F19F1E-4F0B-40F0-AC41-EEFE1D6E07AD}.Debug|Any CPU.ActiveCfg = Debug|Any CPU
		{89F19F1E-4F0B-40F0-AC41-EEFE1D6E07AD}.Debug|Any CPU.Build.0 = Debug|Any CPU
		{89F19F1E-4F0B-40F0-AC41-EEFE1D6E07AD}.Release|Any CPU.ActiveCfg = Release|Any CPU
		{89F19F1E-4F0B-40F0-AC41-EEFE1D6E07AD}.Release|Any CPU.Build.0 = Release|Any CPU
	EndGlobalSection
	GlobalSection(SolutionProperties) = preSolution
		HideSolutionNode = FALSE
	EndGlobalSection
	GlobalSection(ExtensibilityGlobals) = postSolution
		SolutionGuid = {509B41DF-B34D-4C23-8D84-BD53BE53636A}
	EndGlobalSection
EndGlobal
